# This file was autogenerated by Stack.
# You should not edit this file by hand.
# For more information, please see the documentation at:
#   https://docs.haskellstack.org/en/stable/lock_files

packages: []
snapshots:
- completed:
    size: 504771
    url: https://raw.githubusercontent.com/commercialhaskell/stackage-snapshots/master/lts/12/15.yaml
    sha256: b8e29bd49d3c716e60a222ee262d31f830281e626dd1f6abe38401a79c3ced60
  original: lts-12.15
